<?xml version="1.0" encoding="utf-8"?>
<Project ToolsVersion="4.0" xmlns="http://schemas.microsoft.com/developer/msbuild/2003">
  <ItemGroup>
    <Filter Include="Source Files">
      <UniqueIdentifier>{4FC737F1-C7A5-4376-A066-2A32D752A2FF}</UniqueIdentifier>
      <Extensions>cpp;c;cc;cxx;c++;cppm;ixx;def;odl;idl;hpj;bat;asm;asmx</Extensions>
    </Filter>
    <Filter Include="Header Files">
      <UniqueIdentifier>{93995380-89BD-4b04-88EB-625FBE52EBFB}</UniqueIdentifier>
      <Extensions>h;hh;hpp;hxx;h++;hm;inl;inc;ipp;xsd</Extensions>
    </Filter>
    <Filter Include="Resource Files">
      <UniqueIdentifier>{67DA6AB6-F800-4c08-8B7A-83BB121AAD01}</UniqueIdentifier>
      <Extensions>rc;ico;cur;bmp;dlg;rc2;rct;bin;rgs;gif;jpg;jpeg;jpe;resx;tiff;tif;png;wav;mfcribbon-ms</Extensions>
    </Filter>
  </ItemGroup>
  <ItemGroup>
    <ClCompile Include="code\src\exceptions.cpp">
      <Filter>Source Files</Filter>
    </ClCompile>
    <ClCompile Include="code\src\sstring.cpp">
      <Filter>Source Files</Filter>
    </ClCompile>
    <ClCompile Include="code\src\datetime.cpp">
      <Filter>Source Files</Filter>
    </ClCompile>
    <ClCompile Include="code\src\datetimeImpl.cpp">
      <Filter>Source Files</Filter>
    </ClCompile>
    <ClCompile Include="code\src\timestamp.cpp">
      <Filter>Source Files</Filter>
    </ClCompile>
    <ClCompile Include="code\src\date.cpp">
      <Filter>Source Files</Filter>
    </ClCompile>
    <ClCompile Include="code\src\time.cpp">
      <Filter>Source Files</Filter>
    </ClCompile>
    <ClCompile Include="code\src\dateImpl.cpp">
      <Filter>Source Files</Filter>
    </ClCompile>
    <ClCompile Include="code\src\byte.cpp">
      <Filter>Source Files</Filter>
    </ClCompile>
    <ClCompile Include="code\src\natural.cpp">
      <Filter>Source Files</Filter>
    </ClCompile>
    <ClCompile Include="code\src\longinteger.cpp">
      <Filter>Source Files</Filter>
    </ClCompile>
    <ClCompile Include="code\src\integer.cpp">
      <Filter>Source Files</Filter>
    </ClCompile>
    <ClCompile Include="code\src\decimal.cpp">
      <Filter>Source Files</Filter>
    </ClCompile>
    <ClCompile Include="code\src\decimalImpl.cpp">
      <Filter>Source Files</Filter>
    </ClCompile>
    <ClCompile Include="code\src\short.cpp">
      <Filter>Source Files</Filter>
    </ClCompile>
    <ClCompile Include="code\src\path.cpp">
      <Filter>Source Files</Filter>
    </ClCompile>
    <ClCompile Include="code\src\pathImpl.cpp">
      <Filter>Source Files</Filter>
    </ClCompile>
    <ClCompile Include="code\src\logical.cpp">
      <Filter>Source Files</Filter>
    </ClCompile>
    <ClCompile Include="code\src\number.cpp">
      <Filter>Source Files</Filter>
    </ClCompile>
    <ClCompile Include="code\src\datatype.cpp">
      <Filter>Source Files</Filter>
    </ClCompile>
    <ClCompile Include="code\src\nodatatype.cpp">
      <Filter>Source Files</Filter>
    </ClCompile>
    <ClCompile Include="code\src\array.cpp">
      <Filter>Source Files</Filter>
    </ClCompile>
  </ItemGroup>
  <ItemGroup>
    <ClInclude Include="code\inc\msg_locale.hpp">
      <Filter>Header Files</Filter>
    </ClInclude>
    <ClInclude Include="include\sstring.hpp">
      <Filter>Header Files</Filter>
    </ClInclude>
    <ClInclude Include="code\inc\dateImpl.hpp">
      <Filter>Header Files</Filter>
    </ClInclude>
    <ClInclude Include="include\time.hpp">
      <Filter>Header Files</Filter>
    </ClInclude>
    <ClInclude Include="include\datatype.hpp">
      <Filter>Header Files</Filter>
    </ClInclude>
    <ClInclude Include="include\byte.hpp">
      <Filter>Header Files</Filter>
    </ClInclude>
    <ClInclude Include="include\natural.hpp">
      <Filter>Header Files</Filter>
    </ClInclude>
    <ClInclude Include="include\longinteger.hpp">
      <Filter>Header Files</Filter>
    </ClInclude>
    <ClInclude Include="include\decimal.hpp">
      <Filter>Header Files</Filter>
    </ClInclude>
    <ClInclude Include="code\inc\decimalImpl.hpp">
      <Filter>Header Files</Filter>
    </ClInclude>
    <ClInclude Include="include\short.hpp">
      <Filter>Header Files</Filter>
    </ClInclude>
    <ClInclude Include="include\integer.hpp">
      <Filter>Header Files</Filter>
    </ClInclude>
    <ClInclude Include="code\inc\pathImpl.hpp">
      <Filter>Header Files</Filter>
    </ClInclude>
    <ClInclude Include="include\exceptions.hpp">
      <Filter>Header Files</Filter>
    </ClInclude>
    <ClInclude Include="include\logical.hpp">
      <Filter>Header Files</Filter>
    </ClInclude>
    <ClInclude Include="code\inc\nodatatype.hpp">
      <Filter>Header Files</Filter>
    </ClInclude>
    <ClInclude Include="code\inc\array.hpp">
      <Filter>Header Files</Filter>
    </ClInclude>
    <ClInclude Include="include\types.hpp">
      <Filter>Header Files</Filter>
    </ClInclude>
    <ClInclude Include="include\datatypeenum.hpp">
      <Filter>Header Files</Filter>
    </ClInclude>
    <ClInclude Include="include\datatypelist.hpp">
      <Filter>Header Files</Filter>
    </ClInclude>
  </ItemGroup>
</Project>